
Microsoft Visual Studio Solution File, Format Version 12.00
# Visual Studio Version 17
VisualStudioVersion = 17.13.35825.156 d17.13
MinimumVisualStudioVersion = 10.0.40219.1
Project("{FAE04EC0-301F-11D3-BF4B-00C04F79EFBC}") = "MailRuDownloader", "MailRuDownloader.csproj", "{57CCDD67-823D-4618-996B-A74316BE4EB5}"
EndProject
Global
	GlobalSection(SolutionConfigurationPlatforms) = preSolution
		Debug|Any CPU = Debug|Any CPU
		Release|Any CPU = Release|Any CPU
	EndGlobalSection
	GlobalSection(ProjectConfigurationPlatforms) = postSolution
		{57CCDD67-823D-4618-996B-A74316BE4EB5}.Debug|Any CPU.ActiveCfg = Debug|Any CPU
		{57CCDD67-823D-4618-996B-A74316BE4EB5}.Debug|Any CPU.Build.0 = Debug|Any CPU
		{57CCDD67-823D-4618-996B-A74316BE4EB5}.Release|Any CPU.ActiveCfg = Release|Any CPU
		{57CCDD67-823D-4618-996B-A74316BE4EB5}.Release|Any CPU.Build.0 = Release|Any CPU
	EndGlobalSection
	GlobalSection(SolutionProperties) = preSolution
		HideSolutionNode = FALSE
	EndGlobalSection
	GlobalSection(ExtensibilityGlobals) = postSolution
		SolutionGuid = {A614DC99-BD73-4D54-AFC2-C411A636D132}
	EndGlobalSection
EndGlobal
